
Microsoft Visual Studio Solution File, Format Version 12.00
# Visual Studio Version 17
VisualStudioVersion = 17.4.33213.308
MinimumVisualStudioVersion = 10.0.40219.1
Project("{FAE04EC0-301F-11D3-BF4B-00C04F79EFBC}") = "WeatherData", "WeatherData.csproj", "{F8B697BA-8B6F-468F-AD54-B8B2B365E8FD}"
EndProject
Global
	GlobalSection(SolutionConfigurationPlatforms) = preSolution
		Debug|Any CPU = Debug|Any CPU
		Release|Any CPU = Release|Any CPU
	EndGlobalSection
	GlobalSection(ProjectConfigurationPlatforms) = postSolution
		{F8B697BA-8B6F-468F-AD54-B8B2B365E8FD}.Debug|Any CPU.ActiveCfg = Debug|Any CPU
		{F8B697BA-8B6F-468F-AD54-B8B2B365E8FD}.Debug|Any CPU.Build.0 = Debug|Any CPU
		{F8B697BA-8B6F-468F-AD54-B8B2B365E8FD}.Release|Any CPU.ActiveCfg = Release|Any CPU
		{F8B697BA-8B6F-468F-AD54-B8B2B365E8FD}.Release|Any CPU.Build.0 = Release|Any CPU
	EndGlobalSection
	GlobalSection(SolutionProperties) = preSolution
		HideSolutionNode = FALSE
	EndGlobalSection
	GlobalSection(ExtensibilityGlobals) = postSolution
		SolutionGuid = {F3EDBD03-9FC2-4750-A2FE-38B482C03168}
	EndGlobalSection
EndGlobal
